
Microsoft Visual Studio Solution File, Format Version 12.00
# Visual Studio Version 17
VisualStudioVersion = 17.10.35004.147
MinimumVisualStudioVersion = 10.0.40219.1
Project("{FAE04EC0-301F-11D3-BF4B-00C04F79EFBC}") = "multitrabajos-security", "multitrabajos-security\multitrabajos-security.csproj", "{F8BACEC7-6416-44E8-B641-5FEC46E5A6D2}"
EndProject
Global
	GlobalSection(SolutionConfigurationPlatforms) = preSolution
		Debug|Any CPU = Debug|Any CPU
		Release|Any CPU = Release|Any CPU
	EndGlobalSection
	GlobalSection(ProjectConfigurationPlatforms) = postSolution
		{F8BACEC7-6416-44E8-B641-5FEC46E5A6D2}.Debug|Any CPU.ActiveCfg = Debug|Any CPU
		{F8BACEC7-6416-44E8-B641-5FEC46E5A6D2}.Debug|Any CPU.Build.0 = Debug|Any CPU
		{F8BACEC7-6416-44E8-B641-5FEC46E5A6D2}.Release|Any CPU.ActiveCfg = Release|Any CPU
		{F8BACEC7-6416-44E8-B641-5FEC46E5A6D2}.Release|Any CPU.Build.0 = Release|Any CPU
	EndGlobalSection
	GlobalSection(SolutionProperties) = preSolution
		HideSolutionNode = FALSE
	EndGlobalSection
	GlobalSection(ExtensibilityGlobals) = postSolution
		SolutionGuid = {B0E9B679-8A08-47A0-B88B-EA8FE70315E4}
	EndGlobalSection
EndGlobal
